
Microsoft Visual Studio Solution File, Format Version 12.00
# Visual Studio Version 16
VisualStudioVersion = 16.0.29509.3
MinimumVisualStudioVersion = 10.0.40219.1
Project("{FAE04EC0-301F-11D3-BF4B-00C04F79EFBC}") = "CadastroAtividades5", "CadastroAtividades5\CadastroAtividades5.csproj", "{FFCFA175-A092-49DA-A21D-C62BBC033D62}"
EndProject
Global
	GlobalSection(SolutionConfigurationPlatforms) = preSolution
		Debug|Any CPU = Debug|Any CPU
		Release|Any CPU = Release|Any CPU
	EndGlobalSection
	GlobalSection(ProjectConfigurationPlatforms) = postSolution
		{FFCFA175-A092-49DA-A21D-C62BBC033D62}.Debug|Any CPU.ActiveCfg = Debug|Any CPU
		{FFCFA175-A092-49DA-A21D-C62BBC033D62}.Debug|Any CPU.Build.0 = Debug|Any CPU
		{FFCFA175-A092-49DA-A21D-C62BBC033D62}.Release|Any CPU.ActiveCfg = Release|Any CPU
		{FFCFA175-A092-49DA-A21D-C62BBC033D62}.Release|Any CPU.Build.0 = Release|Any CPU
	EndGlobalSection
	GlobalSection(SolutionProperties) = preSolution
		HideSolutionNode = FALSE
	EndGlobalSection
	GlobalSection(ExtensibilityGlobals) = postSolution
		SolutionGuid = {2A9A2394-CB41-466E-A123-A94E48F1886C}
	EndGlobalSection
EndGlobal
